
Microsoft Visual Studio Solution File, Format Version 12.00
# Visual Studio Version 16
VisualStudioVersion = 16.0.30517.126
MinimumVisualStudioVersion = 10.0.40219.1
Project("{FAE04EC0-301F-11D3-BF4B-00C04F79EFBC}") = "Params", "Params\Params.csproj", "{824C39CD-71FD-4D21-9B3D-55CD18BBBDD9}"
EndProject
Global
	GlobalSection(SolutionConfigurationPlatforms) = preSolution
		Debug|Any CPU = Debug|Any CPU
		Release|Any CPU = Release|Any CPU
	EndGlobalSection
	GlobalSection(ProjectConfigurationPlatforms) = postSolution
		{824C39CD-71FD-4D21-9B3D-55CD18BBBDD9}.Debug|Any CPU.ActiveCfg = Debug|Any CPU
		{824C39CD-71FD-4D21-9B3D-55CD18BBBDD9}.Debug|Any CPU.Build.0 = Debug|Any CPU
		{824C39CD-71FD-4D21-9B3D-55CD18BBBDD9}.Release|Any CPU.ActiveCfg = Release|Any CPU
		{824C39CD-71FD-4D21-9B3D-55CD18BBBDD9}.Release|Any CPU.Build.0 = Release|Any CPU
	EndGlobalSection
	GlobalSection(SolutionProperties) = preSolution
		HideSolutionNode = FALSE
	EndGlobalSection
	GlobalSection(ExtensibilityGlobals) = postSolution
		SolutionGuid = {C201CBEE-C11D-4E1B-825E-EC38A4793D63}
	EndGlobalSection
EndGlobal
