
Microsoft Visual Studio Solution File, Format Version 12.00
# Visual Studio Version 16
VisualStudioVersion = 16.0.30517.126
MinimumVisualStudioVersion = 10.0.40219.1
Project("{FAE04EC0-301F-11D3-BF4B-00C04F79EFBC}") = "ConditionalTernary", "ConditionalTernary\ConditionalTernary.csproj", "{5676A121-5577-45BA-9F06-93F33FF1C146}"
EndProject
Global
	GlobalSection(SolutionConfigurationPlatforms) = preSolution
		Debug|Any CPU = Debug|Any CPU
		Release|Any CPU = Release|Any CPU
	EndGlobalSection
	GlobalSection(ProjectConfigurationPlatforms) = postSolution
		{5676A121-5577-45BA-9F06-93F33FF1C146}.Debug|Any CPU.ActiveCfg = Debug|Any CPU
		{5676A121-5577-45BA-9F06-93F33FF1C146}.Debug|Any CPU.Build.0 = Debug|Any CPU
		{5676A121-5577-45BA-9F06-93F33FF1C146}.Release|Any CPU.ActiveCfg = Release|Any CPU
		{5676A121-5577-45BA-9F06-93F33FF1C146}.Release|Any CPU.Build.0 = Release|Any CPU
	EndGlobalSection
	GlobalSection(SolutionProperties) = preSolution
		HideSolutionNode = FALSE
	EndGlobalSection
	GlobalSection(ExtensibilityGlobals) = postSolution
		SolutionGuid = {C8A84754-2C72-4D2D-9284-62C0A3027AB0}
	EndGlobalSection
EndGlobal
